Microsoft Visual Studio Solution File, Format Version 12.00
# Visual Studio Version 17
VisualStudioVersion = 17.13.35913.81
MinimumVisualStudioVersion = 10.0.40219.1
Project("{FAE04EC0-301F-11D3-BF4B-00C04F79EFBC}") = "FastFood.MVC", "FastFood.MVC\FastFood.MVC.csproj", "{67E34180-0E1F-400F-90D8-1DA9DD1A0B79}"
EndProject
Global
	GlobalSection(SolutionConfigurationPlatforms) = preSolution
		Debug|Any CPU = Debug|Any CPU
		Release|Any CPU = Release|Any CPU
	EndGlobalSection
	GlobalSection(ProjectConfigurationPlatforms) = postSolution
		{67E34180-0E1F-400F-90D8-1DA9DD1A0B79}.Debug|Any CPU.ActiveCfg = Debug|Any CPU
		{67E34180-0E1F-400F-90D8-1DA9DD1A0B79}.Debug|Any CPU.Build.0 = Debug|Any CPU
		{67E34180-0E1F-400F-90D8-1DA9DD1A0B79}.Release|Any CPU.ActiveCfg = Release|Any CPU
		{67E34180-0E1F-400F-90D8-1DA9DD1A0B79}.Release|Any CPU.Build.0 = Release|Any CPU
	EndGlobalSection
	GlobalSection(SolutionProperties) = preSolution
		HideSolutionNode = FALSE
	EndGlobalSection
	GlobalSection(ExtensibilityGlobals) = postSolution
		SolutionGuid = {2CC718C5-AD90-447D-B341-89EF3822C9E8}
	EndGlobalSection
EndGlobal
